
Microsoft Visual Studio Solution File, Format Version 12.00
# Visual Studio Version 16
VisualStudioVersion = 16.0.30011.22
MinimumVisualStudioVersion = 10.0.40219.1
Project("{FAE04EC0-301F-11D3-BF4B-00C04F79EFBC}") = "EasyTaskAddin", "EasyTaskAddin\EasyTaskAddin.csproj", "{48D9E258-8225-4384-9354-C20D1BA09BB1}"
EndProject
Project("{FAE04EC0-301F-11D3-BF4B-00C04F79EFBC}") = "UnitTests", "UnitTests\UnitTests.csproj", "{0AE29D22-85E3-4AD2-8DC5-06EA4188E411}"
EndProject
Project("{FAE04EC0-301F-11D3-BF4B-00C04F79EFBC}") = "OutlookControlsExtensions", "..\CommonLib\OutlookControlsExtensions\OutlookControlsExtensions.csproj", "{8A42B2D6-5E5D-4220-B956-8C95E27A751C}"
EndProject
Project("{FAE04EC0-301F-11D3-BF4B-00C04F79EFBC}") = "ManagedWinapi", "..\CommonLib\managedwinapi-src-0.3\ManagedWinapi\ManagedWinapi.csproj", "{FBD3EC1E-47E2-4D2D-81C9-D6506125A09A}"
EndProject
Project("{8BC9CEB8-8B4A-11D0-8D11-00A0C91BC942}") = "ManagedWinapiNativeHelper", "..\CommonLib\managedwinapi-src-0.3\ManagedWinapiNativeHelper\ManagedWinapiNativeHelper.vcxproj", "{B23C95E9-F3E6-4B0B-A3F1-711F0EDDD35C}"
EndProject
Project("{FAE04EC0-301F-11D3-BF4B-00C04F79EFBC}") = "WinApi", "..\CommonLib\WinApi\WinApi.csproj", "{44D823A7-0E1C-4D81-BA50-0F77A2BA7DDD}"
EndProject
Project("{FAE04EC0-301F-11D3-BF4B-00C04F79EFBC}") = "AutoUpdate", "..\CommonLib\UpdateApplication\AutoUpdate.csproj", "{DA46B347-3825-4B10-9DB7-F95391691263}"
EndProject
Project("{930C7802-8A8C-48F9-8165-68863BCCD9DD}") = "EasyTaskSetupWixUser", "EasyTaskSetupWixUser\EasyTaskSetupWixUser.wixproj", "{51A57C8A-BE96-492F-BD20-B2E693CB0EAA}"
EndProject
Global
	GlobalSection(SolutionConfigurationPlatforms) = preSolution
		Debug|Any CPU = Debug|Any CPU
		Debug|x64 = Debug|x64
		Debug|x86 = Debug|x86
		Release|Any CPU = Release|Any CPU
		Release|x64 = Release|x64
		Release|x86 = Release|x86
	EndGlobalSection
	GlobalSection(ProjectConfigurationPlatforms) = postSolution
		{48D9E258-8225-4384-9354-C20D1BA09BB1}.Debug|Any CPU.ActiveCfg = Debug|Any CPU
		{48D9E258-8225-4384-9354-C20D1BA09BB1}.Debug|Any CPU.Build.0 = Debug|Any CPU
		{48D9E258-8225-4384-9354-C20D1BA09BB1}.Debug|x64.ActiveCfg = Debug|x64
		{48D9E258-8225-4384-9354-C20D1BA09BB1}.Debug|x64.Build.0 = Debug|x64
		{48D9E258-8225-4384-9354-C20D1BA09BB1}.Debug|x86.ActiveCfg = Debug|Any CPU
		{48D9E258-8225-4384-9354-C20D1BA09BB1}.Debug|x86.Build.0 = Debug|Any CPU
		{48D9E258-8225-4384-9354-C20D1BA09BB1}.Release|Any CPU.ActiveCfg = Release|Any CPU
		{48D9E258-8225-4384-9354-C20D1BA09BB1}.Release|Any CPU.Build.0 = Release|Any CPU
		{48D9E258-8225-4384-9354-C20D1BA09BB1}.Release|x64.ActiveCfg = Release|x64
		{48D9E258-8225-4384-9354-C20D1BA09BB1}.Release|x64.Build.0 = Release|x64
		{48D9E258-8225-4384-9354-C20D1BA09BB1}.Release|x86.ActiveCfg = Release|Any CPU
		{48D9E258-8225-4384-9354-C20D1BA09BB1}.Release|x86.Build.0 = Release|Any CPU
		{0AE29D22-85E3-4AD2-8DC5-06EA4188E411}.Debug|Any CPU.ActiveCfg = Debug|Any CPU
		{0AE29D22-85E3-4AD2-8DC5-06EA4188E411}.Debug|Any CPU.Build.0 = Debug|Any CPU
		{0AE29D22-85E3-4AD2-8DC5-06EA4188E411}.Debug|x64.ActiveCfg = Debug|x64
		{0AE29D22-85E3-4AD2-8DC5-06EA4188E411}.Debug|x64.Build.0 = Debug|x64
		{0AE29D22-85E3-4AD2-8DC5-06EA4188E411}.Debug|x86.ActiveCfg = Debug|Any CPU
		{0AE29D22-85E3-4AD2-8DC5-06EA4188E411}.Debug|x86.Build.0 = Debug|Any CPU
		{0AE29D22-85E3-4AD2-8DC5-06EA4188E411}.Release|Any CPU.ActiveCfg = Release|Any CPU
		{0AE29D22-85E3-4AD2-8DC5-06EA4188E411}.Release|Any CPU.Build.0 = Release|Any CPU
		{0AE29D22-85E3-4AD2-8DC5-06EA4188E411}.Release|x64.ActiveCfg = Release|x64
		{0AE29D22-85E3-4AD2-8DC5-06EA4188E411}.Release|x64.Build.0 = Release|x64
		{0AE29D22-85E3-4AD2-8DC5-06EA4188E411}.Release|x86.ActiveCfg = Release|Any CPU
		{0AE29D22-85E3-4AD2-8DC5-06EA4188E411}.Release|x86.Build.0 = Release|Any CPU
		{8A42B2D6-5E5D-4220-B956-8C95E27A751C}.Debug|Any CPU.ActiveCfg = Debug|Any CPU
		{8A42B2D6-5E5D-4220-B956-8C95E27A751C}.Debug|Any CPU.Build.0 = Debug|Any CPU
		{8A42B2D6-5E5D-4220-B956-8C95E27A751C}.Debug|x64.ActiveCfg = Debug|x64
		{8A42B2D6-5E5D-4220-B956-8C95E27A751C}.Debug|x64.Build.0 = Debug|x64
		{8A42B2D6-5E5D-4220-B956-8C95E27A751C}.Debug|x86.ActiveCfg = Debug|Any CPU
		{8A42B2D6-5E5D-4220-B956-8C95E27A751C}.Debug|x86.Build.0 = Debug|Any CPU
		{8A42B2D6-5E5D-4220-B956-8C95E27A751C}.Release|Any CPU.ActiveCfg = Release|Any CPU
		{8A42B2D6-5E5D-4220-B956-8C95E27A751C}.Release|Any CPU.Build.0 = Release|Any CPU
		{8A42B2D6-5E5D-4220-B956-8C95E27A751C}.Release|x64.ActiveCfg = Release|x64
		{8A42B2D6-5E5D-4220-B956-8C95E27A751C}.Release|x64.Build.0 = Release|x64
		{8A42B2D6-5E5D-4220-B956-8C95E27A751C}.Release|x86.ActiveCfg = Release|Any CPU
		{8A42B2D6-5E5D-4220-B956-8C95E27A751C}.Release|x86.Build.0 = Release|Any CPU
		{FBD3EC1E-47E2-4D2D-81C9-D6506125A09A}.Debug|Any CPU.ActiveCfg = Debug|Any CPU
		{FBD3EC1E-47E2-4D2D-81C9-D6506125A09A}.Debug|Any CPU.Build.0 = Debug|Any CPU
		{FBD3EC1E-47E2-4D2D-81C9-D6506125A09A}.Debug|x64.ActiveCfg = Debug|x64
		{FBD3EC1E-47E2-4D2D-81C9-D6506125A09A}.Debug|x64.Build.0 = Debug|x64
		{FBD3EC1E-47E2-4D2D-81C9-D6506125A09A}.Debug|x86.ActiveCfg = Debug|Any CPU
		{FBD3EC1E-47E2-4D2D-81C9-D6506125A09A}.Debug|x86.Build.0 = Debug|Any CPU
		{FBD3EC1E-47E2-4D2D-81C9-D6506125A09A}.Release|Any CPU.ActiveCfg = Release|Any CPU
		{FBD3EC1E-47E2-4D2D-81C9-D6506125A09A}.Release|Any CPU.Build.0 = Release|Any CPU
		{FBD3EC1E-47E2-4D2D-81C9-D6506125A09A}.Release|x64.ActiveCfg = Release|x64
		{FBD3EC1E-47E2-4D2D-81C9-D6506125A09A}.Release|x64.Build.0 = Release|x64
		{FBD3EC1E-47E2-4D2D-81C9-D6506125A09A}.Release|x86.ActiveCfg = Release|Any CPU
		{FBD3EC1E-47E2-4D2D-81C9-D6506125A09A}.Release|x86.Build.0 = Release|Any CPU
		{B23C95E9-F3E6-4B0B-A3F1-711F0EDDD35C}.Debug|Any CPU.ActiveCfg = Debug|Win32
		{B23C95E9-F3E6-4B0B-A3F1-711F0EDDD35C}.Debug|Any CPU.Build.0 = Debug|Win32
		{B23C95E9-F3E6-4B0B-A3F1-711F0EDDD35C}.Debug|x64.ActiveCfg = Debug|x64
		{B23C95E9-F3E6-4B0B-A3F1-711F0EDDD35C}.Debug|x64.Build.0 = Debug|x64
		{B23C95E9-F3E6-4B0B-A3F1-711F0EDDD35C}.Debug|x86.ActiveCfg = Debug|Win32
		{B23C95E9-F3E6-4B0B-A3F1-711F0EDDD35C}.Debug|x86.Build.0 = Debug|Win32
		{B23C95E9-F3E6-4B0B-A3F1-711F0EDDD35C}.Release|Any CPU.ActiveCfg = Release|Win32
		{B23C95E9-F3E6-4B0B-A3F1-711F0EDDD35C}.Release|Any CPU.Build.0 = Release|Win32
		{B23C95E9-F3E6-4B0B-A3F1-711F0EDDD35C}.Release|x64.ActiveCfg = Release|x64
		{B23C95E9-F3E6-4B0B-A3F1-711F0EDDD35C}.Release|x64.Build.0 = Release|x64
		{B23C95E9-F3E6-4B0B-A3F1-711F0EDDD35C}.Release|x86.ActiveCfg = Release|Win32
		{B23C95E9-F3E6-4B0B-A3F1-711F0EDDD35C}.Release|x86.Build.0 = Release|Win32
		{44D823A7-0E1C-4D81-BA50-0F77A2BA7DDD}.Debug|Any CPU.ActiveCfg = Debug|Any CPU
		{44D823A7-0E1C-4D81-BA50-0F77A2BA7DDD}.Debug|Any CPU.Build.0 = Debug|Any CPU
		{44D823A7-0E1C-4D81-BA50-0F77A2BA7DDD}.Debug|x64.ActiveCfg = Debug|x64
		{44D823A7-0E1C-4D81-BA50-0F77A2BA7DDD}.Debug|x64.Build.0 = Debug|x64
		{44D823A7-0E1C-4D81-BA50-0F77A2BA7DDD}.Debug|x86.ActiveCfg = Debug|Any CPU
		{44D823A7-0E1C-4D81-BA50-0F77A2BA7DDD}.Debug|x86.Build.0 = Debug|Any CPU
		{44D823A7-0E1C-4D81-BA50-0F77A2BA7DDD}.Release|Any CPU.ActiveCfg = Release|Any CPU
		{44D823A7-0E1C-4D81-BA50-0F77A2BA7DDD}.Release|Any CPU.Build.0 = Release|Any CPU
		{44D823A7-0E1C-4D81-BA50-0F77A2BA7DDD}.Release|x64.ActiveCfg = Release|x64
		{44D823A7-0E1C-4D81-BA50-0F77A2BA7DDD}.Release|x64.Build.0 = Release|x64
		{44D823A7-0E1C-4D81-BA50-0F77A2BA7DDD}.Release|x86.ActiveCfg = Release|Any CPU
		{44D823A7-0E1C-4D81-BA50-0F77A2BA7DDD}.Release|x86.Build.0 = Release|Any CPU
		{DA46B347-3825-4B10-9DB7-F95391691263}.Debug|Any CPU.ActiveCfg = Debug|Any CPU
		{DA46B347-3825-4B10-9DB7-F95391691263}.Debug|Any CPU.Build.0 = Debug|Any CPU
		{DA46B347-3825-4B10-9DB7-F95391691263}.Debug|x64.ActiveCfg = Debug|x64
		{DA46B347-3825-4B10-9DB7-F95391691263}.Debug|x64.Build.0 = Debug|x64
		{DA46B347-3825-4B10-9DB7-F95391691263}.Debug|x86.ActiveCfg = Debug|Any CPU
		{DA46B347-3825-4B10-9DB7-F95391691263}.Debug|x86.Build.0 = Debug|Any CPU
		{DA46B347-3825-4B10-9DB7-F95391691263}.Release|Any CPU.ActiveCfg = Release|Any CPU
		{DA46B347-3825-4B10-9DB7-F95391691263}.Release|Any CPU.Build.0 = Release|Any CPU
		{DA46B347-3825-4B10-9DB7-F95391691263}.Release|x64.ActiveCfg = Release|x64
		{DA46B347-3825-4B10-9DB7-F95391691263}.Release|x64.Build.0 = Release|x64
		{DA46B347-3825-4B10-9DB7-F95391691263}.Release|x86.ActiveCfg = Release|Any CPU
		{DA46B347-3825-4B10-9DB7-F95391691263}.Release|x86.Build.0 = Release|Any CPU
		{51A57C8A-BE96-492F-BD20-B2E693CB0EAA}.Debug|Any CPU.ActiveCfg = Debug|x86
		{51A57C8A-BE96-492F-BD20-B2E693CB0EAA}.Debug|x64.ActiveCfg = Debug|x64
		{51A57C8A-BE96-492F-BD20-B2E693CB0EAA}.Debug|x64.Build.0 = Debug|x64
		{51A57C8A-BE96-492F-BD20-B2E693CB0EAA}.Debug|x86.ActiveCfg = Debug|x86
		{51A57C8A-BE96-492F-BD20-B2E693CB0EAA}.Debug|x86.Build.0 = Debug|x86
		{51A57C8A-BE96-492F-BD20-B2E693CB0EAA}.Release|Any CPU.ActiveCfg = Release|x86
		{51A57C8A-BE96-492F-BD20-B2E693CB0EAA}.Release|Any CPU.Build.0 = Release|x86
		{51A57C8A-BE96-492F-BD20-B2E693CB0EAA}.Release|x64.ActiveCfg = Release|x64
		{51A57C8A-BE96-492F-BD20-B2E693CB0EAA}.Release|x64.Build.0 = Release|x64
		{51A57C8A-BE96-492F-BD20-B2E693CB0EAA}.Release|x86.ActiveCfg = Release|x86
		{51A57C8A-BE96-492F-BD20-B2E693CB0EAA}.Release|x86.Build.0 = Release|x86
	EndGlobalSection
	GlobalSection(SolutionProperties) = preSolution
		HideSolutionNode = FALSE
	EndGlobalSection
	GlobalSection(ExtensibilityGlobals) = postSolution
		SolutionGuid = {B333865B-4C0F-4624-BB0F-341BAB1E5657}
	EndGlobalSection
	GlobalSection(TeamFoundationVersionControl) = preSolution
		SccNumberOfProjects = 9
		SccEnterpriseProvider = {4CA58AB2-18FA-4F8D-95D4-32DDF27D184C}
		SccTeamFoundationServer = https://easyofficeuse.visualstudio.com/
		SccLocalPath0 = .
		SccProjectUniqueName1 = EasyTaskAddin\\EasyTaskAddin.csproj
		SccProjectName1 = EasyTaskAddin
		SccLocalPath1 = EasyTaskAddin
		SccProjectUniqueName2 = UnitTests\\UnitTests.csproj
		SccProjectName2 = UnitTests
		SccLocalPath2 = UnitTests
		SccProjectUniqueName3 = ..\\CommonLib\\OutlookControlsExtensions\\OutlookControlsExtensions.csproj
		SccProjectName3 = ../CommonLib/OutlookControlsExtensions
		SccLocalPath3 = ..\\CommonLib\\OutlookControlsExtensions
		SccProjectUniqueName4 = ..\\CommonLib\\managedwinapi-src-0.3\\ManagedWinapi\\ManagedWinapi.csproj
		SccProjectName4 = ../CommonLib/managedwinapi-src-0.3/ManagedWinapi
		SccLocalPath4 = ..\\CommonLib\\managedwinapi-src-0.3\\ManagedWinapi
		SccProjectUniqueName5 = ..\\CommonLib\\managedwinapi-src-0.3\\ManagedWinapiNativeHelper\\ManagedWinapiNativeHelper.vcxproj
		SccProjectName5 = ../CommonLib/managedwinapi-src-0.3/ManagedWinapiNativeHelper
		SccLocalPath5 = ..\\CommonLib\\managedwinapi-src-0.3\\ManagedWinapiNativeHelper
		SccProjectUniqueName6 = ..\\CommonLib\\WinApi\\WinApi.csproj
		SccProjectName6 = ../CommonLib/WinApi
		SccLocalPath6 = ..\\CommonLib\\WinApi
		SccProjectUniqueName7 = ..\\CommonLib\\UpdateApplication\\AutoUpdate.csproj
		SccProjectName7 = ../CommonLib/UpdateApplication
		SccLocalPath7 = ..\\CommonLib\\UpdateApplication
		SccProjectUniqueName8 = EasyTaskSetupWixUser\\EasyTaskSetupWixUser.wixproj
		SccProjectName8 = EasyTaskSetupWixUser
		SccLocalPath8 = EasyTaskSetupWixUser
	EndGlobalSection
EndGlobal
