
Microsoft Visual Studio Solution File, Format Version 12.00
# Visual Studio 15
VisualStudioVersion = 15.0.28307.329
MinimumVisualStudioVersion = 10.0.40219.1
Project("{FAE04EC0-301F-11D3-BF4B-00C04F79EFBC}") = "OutlookControlsExtensions", "OutlookControlsExtensions\OutlookControlsExtensions.csproj", "{8A42B2D6-5E5D-4220-B956-8C95E27A751C}"
EndProject
Project("{FAE04EC0-301F-11D3-BF4B-00C04F79EFBC}") = "WinApi", "WinApi\WinApi.csproj", "{44D823A7-0E1C-4D81-BA50-0F77A2BA7DDD}"
EndProject
Project("{FAE04EC0-301F-11D3-BF4B-00C04F79EFBC}") = "ManagedWinapi", "managedwinapi-src-0.3\ManagedWinapi\ManagedWinapi.csproj", "{FBD3EC1E-47E2-4D2D-81C9-D6506125A09A}"
EndProject
Project("{8BC9CEB8-8B4A-11D0-8D11-00A0C91BC942}") = "ManagedWinapiNativeHelper", "managedwinapi-src-0.3\ManagedWinapiNativeHelper\ManagedWinapiNativeHelper.vcxproj", "{B23C95E9-F3E6-4B0B-A3F1-711F0EDDD35C}"
EndProject
Project("{FAE04EC0-301F-11D3-BF4B-00C04F79EFBC}") = "AutoUpdate", "UpdateApplication\AutoUpdate.csproj", "{DA46B347-3825-4B10-9DB7-F95391691263}"
EndProject
Global
	GlobalSection(SolutionConfigurationPlatforms) = preSolution
		Debug|Any CPU = Debug|Any CPU
		Debug|x86 = Debug|x86
		Release|Any CPU = Release|Any CPU
		Release|x86 = Release|x86
	EndGlobalSection
	GlobalSection(ProjectConfigurationPlatforms) = postSolution
		{8A42B2D6-5E5D-4220-B956-8C95E27A751C}.Debug|Any CPU.ActiveCfg = Debug|Any CPU
		{8A42B2D6-5E5D-4220-B956-8C95E27A751C}.Debug|Any CPU.Build.0 = Debug|Any CPU
		{8A42B2D6-5E5D-4220-B956-8C95E27A751C}.Debug|x86.ActiveCfg = Debug|Any CPU
		{8A42B2D6-5E5D-4220-B956-8C95E27A751C}.Debug|x86.Build.0 = Debug|Any CPU
		{8A42B2D6-5E5D-4220-B956-8C95E27A751C}.Release|Any CPU.ActiveCfg = Release|Any CPU
		{8A42B2D6-5E5D-4220-B956-8C95E27A751C}.Release|Any CPU.Build.0 = Release|Any CPU
		{8A42B2D6-5E5D-4220-B956-8C95E27A751C}.Release|x86.ActiveCfg = Release|Any CPU
		{8A42B2D6-5E5D-4220-B956-8C95E27A751C}.Release|x86.Build.0 = Release|Any CPU
		{44D823A7-0E1C-4D81-BA50-0F77A2BA7DDD}.Debug|Any CPU.ActiveCfg = Debug|Any CPU
		{44D823A7-0E1C-4D81-BA50-0F77A2BA7DDD}.Debug|Any CPU.Build.0 = Debug|Any CPU
		{44D823A7-0E1C-4D81-BA50-0F77A2BA7DDD}.Debug|x86.ActiveCfg = Debug|Any CPU
		{44D823A7-0E1C-4D81-BA50-0F77A2BA7DDD}.Debug|x86.Build.0 = Debug|Any CPU
		{44D823A7-0E1C-4D81-BA50-0F77A2BA7DDD}.Release|Any CPU.ActiveCfg = Release|Any CPU
		{44D823A7-0E1C-4D81-BA50-0F77A2BA7DDD}.Release|Any CPU.Build.0 = Release|Any CPU
		{44D823A7-0E1C-4D81-BA50-0F77A2BA7DDD}.Release|x86.ActiveCfg = Release|Any CPU
		{44D823A7-0E1C-4D81-BA50-0F77A2BA7DDD}.Release|x86.Build.0 = Release|Any CPU
		{FBD3EC1E-47E2-4D2D-81C9-D6506125A09A}.Debug|Any CPU.ActiveCfg = Debug|Any CPU
		{FBD3EC1E-47E2-4D2D-81C9-D6506125A09A}.Debug|Any CPU.Build.0 = Debug|Any CPU
		{FBD3EC1E-47E2-4D2D-81C9-D6506125A09A}.Debug|x86.ActiveCfg = Debug|Any CPU
		{FBD3EC1E-47E2-4D2D-81C9-D6506125A09A}.Debug|x86.Build.0 = Debug|Any CPU
		{FBD3EC1E-47E2-4D2D-81C9-D6506125A09A}.Release|Any CPU.ActiveCfg = Release|Any CPU
		{FBD3EC1E-47E2-4D2D-81C9-D6506125A09A}.Release|Any CPU.Build.0 = Release|Any CPU
		{FBD3EC1E-47E2-4D2D-81C9-D6506125A09A}.Release|x86.ActiveCfg = Release|Any CPU
		{FBD3EC1E-47E2-4D2D-81C9-D6506125A09A}.Release|x86.Build.0 = Release|Any CPU
		{B23C95E9-F3E6-4B0B-A3F1-711F0EDDD35C}.Debug|Any CPU.ActiveCfg = Debug|Win32
		{B23C95E9-F3E6-4B0B-A3F1-711F0EDDD35C}.Debug|x86.ActiveCfg = Debug|Win32
		{B23C95E9-F3E6-4B0B-A3F1-711F0EDDD35C}.Debug|x86.Build.0 = Debug|Win32
		{B23C95E9-F3E6-4B0B-A3F1-711F0EDDD35C}.Release|Any CPU.ActiveCfg = Release|Win32
		{B23C95E9-F3E6-4B0B-A3F1-711F0EDDD35C}.Release|x86.ActiveCfg = Release|Win32
		{B23C95E9-F3E6-4B0B-A3F1-711F0EDDD35C}.Release|x86.Build.0 = Release|Win32
		{DA46B347-3825-4B10-9DB7-F95391691263}.Debug|Any CPU.ActiveCfg = Debug|Any CPU
		{DA46B347-3825-4B10-9DB7-F95391691263}.Debug|Any CPU.Build.0 = Debug|Any CPU
		{DA46B347-3825-4B10-9DB7-F95391691263}.Debug|x86.ActiveCfg = Debug|Any CPU
		{DA46B347-3825-4B10-9DB7-F95391691263}.Debug|x86.Build.0 = Debug|Any CPU
		{DA46B347-3825-4B10-9DB7-F95391691263}.Release|Any CPU.ActiveCfg = Release|Any CPU
		{DA46B347-3825-4B10-9DB7-F95391691263}.Release|Any CPU.Build.0 = Release|Any CPU
		{DA46B347-3825-4B10-9DB7-F95391691263}.Release|x86.ActiveCfg = Release|Any CPU
		{DA46B347-3825-4B10-9DB7-F95391691263}.Release|x86.Build.0 = Release|Any CPU
	EndGlobalSection
	GlobalSection(SolutionProperties) = preSolution
		HideSolutionNode = FALSE
	EndGlobalSection
	GlobalSection(ExtensibilityGlobals) = postSolution
		SolutionGuid = {678EED59-8A7B-486B-995B-9D11E5BBCA6A}
	EndGlobalSection
	GlobalSection(TeamFoundationVersionControl) = preSolution
		SccNumberOfProjects = 6
		SccEnterpriseProvider = {4CA58AB2-18FA-4F8D-95D4-32DDF27D184C}
		SccTeamFoundationServer = https://easyofficeuse.visualstudio.com/
		SccLocalPath0 = .
		SccProjectUniqueName1 = OutlookControlsExtensions\\OutlookControlsExtensions.csproj
		SccProjectName1 = OutlookControlsExtensions
		SccLocalPath1 = OutlookControlsExtensions
		SccProjectUniqueName2 = WinApi\\WinApi.csproj
		SccProjectName2 = WinApi
		SccLocalPath2 = WinApi
		SccProjectUniqueName3 = managedwinapi-src-0.3\\ManagedWinapi\\ManagedWinapi.csproj
		SccProjectName3 = managedwinapi-src-0.3/ManagedWinapi
		SccLocalPath3 = managedwinapi-src-0.3\\ManagedWinapi
		SccProjectUniqueName4 = managedwinapi-src-0.3\\ManagedWinapiNativeHelper\\ManagedWinapiNativeHelper.vcxproj
		SccProjectName4 = managedwinapi-src-0.3/ManagedWinapiNativeHelper
		SccLocalPath4 = managedwinapi-src-0.3\\ManagedWinapiNativeHelper
		SccProjectUniqueName5 = UpdateApplication\\AutoUpdate.csproj
		SccProjectName5 = UpdateApplication
		SccLocalPath5 = UpdateApplication
	EndGlobalSection
EndGlobal
